// !$*UTF8*$!
{
	archiveVersion = 1;
	classes = {
	};
	objectVersion = 77;
	objects = {

/* Begin PBXContainerItemProxy section */
		F789F7442E58F2CA00999404 /* PBXContainerItemProxy */ = {
			isa = PBXContainerItemProxy;
			containerPortal = F789F72E2E58F2C700999404 /* Project object */;
			proxyType = 1;
			remoteGlobalIDString = F789F7352E58F2C700999404;
			remoteInfo = BudgetTrackerAssignment;
		};
		F789F74E2E58F2CA00999404 /* PBXContainerItemProxy */ = {
			isa = PBXContainerItemProxy;
			containerPortal = F789F72E2E58F2C700999404 /* Project object */;
			proxyType = 1;
			remoteGlobalIDString = F789F7352E58F2C700999404;
			remoteInfo = BudgetTrackerAssignment;
		};
/* End PBXContainerItemProxy section */

/* Begin PBXFileReference section */
		F789F7362E58F2C700999404 /* BudgetTrackerAssignment.app */ = {isa = PBXFileReference; explicitFileType = wrapper.application; includeInIndex = 0; path = BudgetTrackerAssignment.app; sourceTree = BUILT_PRODUCTS_DIR; };
		F789F7432E58F2CA00999404 /* BudgetTrackerAssignmentTests.xctest */ = {isa = PBXFileReference; explicitFileType = wrapper.cfbundle; includeInIndex = 0; path = BudgetTrackerAssignmentTests.xctest; sourceTree = BUILT_PRODUCTS_DIR; };
		F789F74D2E58F2CA00999404 /* BudgetTrackerAssignmentUITests.xctest */ = {isa = PBXFileReference; explicitFileType = wrapper.cfbundle; includeInIndex = 0; path = BudgetTrackerAssignmentUITests.xctest; sourceTree = BUILT_PRODUCTS_DIR; };
/* End PBXFileReference section */

/* Begin PBXFileSystemSynchronizedRootGroup section */
		F789F7382E58F2C700999404 /* BudgetTrackerAssignment */ = {
			isa = PBXFileSystemSynchronizedRootGroup;
			path = BudgetTrackerAssignment;
			sourceTree = "<group>";
		};
		F789F7462E58F2CA00999404 /* BudgetTrackerAssignmentTests */ = {
			isa = PBXFileSystemSynchronizedRootGroup;
			path = BudgetTrackerAssignmentTests;
			sourceTree = "<group>";
		};
		F789F7502E58F2CA00999404 /* BudgetTrackerAssignmentUITests */ = {
			isa = PBXFileSystemSynchronizedRootGroup;
			path = BudgetTrackerAssignmentUITests;
			sourceTree = "<group>";
		};
/* End PBXFileSystemSynchronizedRootGroup section */

/* Begin PBXFrameworksBuildPhase section */
		F789F7332E58F2C700999404 /* Frameworks */ = {
			isa = PBXFrameworksBuildPhase;
			buildActionMask = 2147483647;
			files = (
			);
			runOnlyForDeploymentPostprocessing = 0;
		};
		F789F7402E58F2CA00999404 /* Frameworks */ = {
			isa = PBXFrameworksBuildPhase;
			buildActionMask = 2147483647;
			files = (
			);
			runOnlyForDeploymentPostprocessing = 0;
		};
		F789F74A2E58F2CA00999404 /* Frameworks */ = {
			isa = PBXFrameworksBuildPhase;
			buildActionMask = 2147483647;
			files = (
			);
			runOnlyForDeploymentPostprocessing = 0;
		};
/* End PBXFrameworksBuildPhase section */

/* Begin PBXGroup section */
		F789F72D2E58F2C700999404 = {
			isa = PBXGroup;
			children = (
				F789F7382E58F2C700999404 /* BudgetTrackerAssignment */,
				F789F7462E58F2CA00999404 /* BudgetTrackerAssignmentTests */,
				F789F7502E58F2CA00999404 /* BudgetTrackerAssignmentUITests */,
				F789F7372E58F2C700999404 /* Products */,
			);
			sourceTree = "<group>";
		};
		F789F7372E58F2C700999404 /* Products */ = {
			isa = PBXGroup;
			children = (
				F789F7362E58F2C700999404 /* BudgetTrackerAssignment.app */,
				F789F7432E58F2CA00999404 /* BudgetTrackerAssignmentTests.xctest */,
				F789F74D2E58F2CA00999404 /* BudgetTrackerAssignmentUITests.xctest */,
			);
			name = Products;
			sourceTree = "<group>";
		};
/* End PBXGroup section */

/* Begin PBXNativeTarget section */
		F789F7352E58F2C700999404 /* BudgetTrackerAssignment */ = {
			isa = PBXNativeTarget;
			buildConfigurationList = F789F7572E58F2CA00999404 /* Build configuration list for PBXNativeTarget "BudgetTrackerAssignment" */;
			buildPhases = (
				F789F7322E58F2C700999404 /* Sources */,
				F789F7332E58F2C700999404 /* Frameworks */,
				F789F7342E58F2C700999404 /* Resources */,
			);
			buildRules = (
			);
			dependencies = (
			);
			fileSystemSynchronizedGroups = (
				F789F7382E58F2C700999404 /* BudgetTrackerAssignment */,
			);
			name = BudgetTrackerAssignment;
			packageProductDependencies = (
			);
			productName = BudgetTrackerAssignment;
			productReference = F789F7362E58F2C700999404 /* BudgetTrackerAssignment.app */;
			productType = "com.apple.product-type.application";
		};
		F789F7422E58F2CA00999404 /* BudgetTrackerAssignmentTests */ = {
			isa = PBXNativeTarget;
			buildConfigurationList = F789F75A2E58F2CA00999404 /* Build configuration list for PBXNativeTarget "BudgetTrackerAssignmentTests" */;
			buildPhases = (
				F789F73F2E58F2CA00999404 /* Sources */,
				F789F7402E58F2CA00999404 /* Frameworks */,
				F789F7412E58F2CA00999404 /* Resources */,
			);
			buildRules = (
			);
			dependencies = (
				F789F7452E58F2CA00999404 /* PBXTargetDependency */,
			);
			fileSystemSynchronizedGroups = (
				F789F7462E58F2CA00999404 /* BudgetTrackerAssignmentTests */,
			);
			name = BudgetTrackerAssignmentTests;
			packageProductDependencies = (
			);
			productName = BudgetTrackerAssignmentTests;
			productReference = F789F7432E58F2CA00999404 /* BudgetTrackerAssignmentTests.xctest */;
			productType = "com.apple.product-type.bundle.unit-test";
		};
		F789F74C2E58F2CA00999404 /* BudgetTrackerAssignmentUITests */ = {
			isa = PBXNativeTarget;
			buildConfigurationList = F789F75D2E58F2CA00999404 /* Build configuration list for PBXNativeTarget "BudgetTrackerAssignmentUITests" */;
			buildPhases = (
				F789F7492E58F2CA00999404 /* Sources */,
				F789F74A2E58F2CA00999404 /* Frameworks */,
				F789F74B2E58F2CA00999404 /* Resources */,
			);
			buildRules = (
			);
			dependencies = (
				F789F74F2E58F2CA00999404 /* PBXTargetDependency */,
			);
			fileSystemSynchronizedGroups = (
				F789F7502E58F2CA00999404 /* BudgetTrackerAssignmentUITests */,
			);
			name = BudgetTrackerAssignmentUITests;
			packageProductDependencies = (
			);
			productName = BudgetTrackerAssignmentUITests;
			productReference = F789F74D2E58F2CA00999404 /* BudgetTrackerAssignmentUITests.xctest */;
			productType = "com.apple.product-type.bundle.ui-testing";
		};
/* End PBXNativeTarget section */

/* Begin PBXProject section */
		F789F72E2E58F2C700999404 /* Project object */ = {
			isa = PBXProject;
			attributes = {
				BuildIndependentTargetsInParallel = 1;
				LastSwiftUpdateCheck = 1640;
				LastUpgradeCheck = 1640;
				TargetAttributes = {
					F789F7352E58F2C700999404 = {
						CreatedOnToolsVersion = 16.4;
					};
					F789F7422E58F2CA00999404 = {
						CreatedOnToolsVersion = 16.4;
						TestTargetID = F789F7352E58F2C700999404;
					};
					F789F74C2E58F2CA00999404 = {
						CreatedOnToolsVersion = 16.4;
						TestTargetID = F789F7352E58F2C700999404;
					};
				};
			};
			buildConfigurationList = F789F7312E58F2C700999404 /* Build configuration list for PBXProject "BudgetTrackerAssignment" */;
			developmentRegion = en;
			hasScannedForEncodings = 0;
			knownRegions = (
				en,
				Base,
			);
			mainGroup = F789F72D2E58F2C700999404;
			minimizedProjectReferenceProxies = 1;
			preferredProjectObjectVersion = 77;
			productRefGroup = F789F7372E58F2C700999404 /* Products */;
			projectDirPath = "";
			projectRoot = "";
			targets = (
				F789F7352E58F2C700999404 /* BudgetTrackerAssignment */,
				F789F7422E58F2CA00999404 /* BudgetTrackerAssignmentTests */,
				F789F74C2E58F2CA00999404 /* BudgetTrackerAssignmentUITests */,
			);
		};
/* End PBXProject section */

/* Begin PBXResourcesBuildPhase section */
		F789F7342E58F2C700999404 /* Resources */ = {
			isa = PBXResourcesBuildPhase;
			buildActionMask = 2147483647;
			files = (
			);
			runOnlyForDeploymentPostprocessing = 0;
		};
		F789F7412E58F2CA00999404 /* Resources */ = {
			isa = PBXResourcesBuildPhase;
			buildActionMask = 2147483647;
			files = (
			);
			runOnlyForDeploymentPostprocessing = 0;
		};
		F789F74B2E58F2CA00999404 /* Resources */ = {
			isa = PBXResourcesBuildPhase;
			buildActionMask = 2147483647;
			files = (
			);
			runOnlyForDeploymentPostprocessing = 0;
		};
/* End PBXResourcesBuildPhase section */

/* Begin PBXSourcesBuildPhase section */
		F789F7322E58F2C700999404 /* Sources */ = {
			isa = PBXSourcesBuildPhase;
			buildActionMask = 2147483647;
			files = (
			);
			runOnlyForDeploymentPostprocessing = 0;
		};
		F789F73F2E58F2CA00999404 /* Sources */ = {
			isa = PBXSourcesBuildPhase;
			buildActionMask = 2147483647;
			files = (
			);
			runOnlyForDeploymentPostprocessing = 0;
		};
		F789F7492E58F2CA00999404 /* Sources */ = {
			isa = PBXSourcesBuildPhase;
			buildActionMask = 2147483647;
			files = (
			);
			runOnlyForDeploymentPostprocessing = 0;
		};
/* End PBXSourcesBuildPhase section */

/* Begin PBXTargetDependency section */
		F789F7452E58F2CA00999404 /* PBXTargetDependency */ = {
			isa = PBXTargetDependency;
			target = F789F7352E58F2C700999404 /* BudgetTrackerAssignment */;
			targetProxy = F789F7442E58F2CA00999404 /* PBXContainerItemProxy */;
		};
		F789F74F2E58F2CA00999404 /* PBXTargetDependency */ = {
			isa = PBXTargetDependency;
			target = F789F7352E58F2C700999404 /* BudgetTrackerAssignment */;
			targetProxy = F789F74E2E58F2CA00999404 /* PBXContainerItemProxy */;
		};
/* End PBXTargetDependency section */

/* Begin XCBuildConfiguration section */
		F789F7552E58F2CA00999404 /* Debug */ = {
			isa = XCBuildConfiguration;
			buildSettings = {
				ALWAYS_SEARCH_USER_PATHS = NO;
				ASSETCATALOG_COMPILER_GENERATE_SWIFT_ASSET_SYMBOL_EXTENSIONS = YES;
				CLANG_ANALYZER_NONNULL = YES;
				CLANG_ANALYZER_NUMBER_OBJECT_CONVERSION = YES_AGGRESSIVE;
				CLANG_CXX_LANGUAGE_STANDARD = "gnu++20";
				CLANG_ENABLE_MODULES = YES;
				CLANG_ENABLE_OBJC_ARC = YES;
				CLANG_ENABLE_OBJC_WEAK = YES;
				CLANG_WARN_BLOCK_CAPTURE_AUTORELEASING = YES;
				CLANG_WARN_BOOL_CONVERSION = YES;
				CLANG_WARN_COMMA = YES;
				CLANG_WARN_CONSTANT_CONVERSION = YES;
				CLANG_WARN_DEPRECATED_OBJC_IMPLEMENTATIONS = YES;
				CLANG_WARN_DIRECT_OBJC_ISA_USAGE = YES_ERROR;
				CLANG_WARN_DOCUMENTATION_COMMENTS = YES;
				CLANG_WARN_EMPTY_BODY = YES;
				CLANG_WARN_ENUM_CONVERSION = YES;
				CLANG_WARN_INFINITE_RECURSION = YES;
				CLANG_WARN_INT_CONVERSION = YES;
				CLANG_WARN_NON_LITERAL_NULL_CONVERSION = YES;
				CLANG_WARN_OBJC_IMPLICIT_RETAIN_SELF = YES;
				CLANG_WARN_OBJC_LITERAL_CONVERSION = YES;
				CLANG_WARN_OBJC_ROOT_CLASS = YES_ERROR;
				CLANG_WARN_QUOTED_INCLUDE_IN_FRAMEWORK_HEADER = YES;
				CLANG_WARN_RANGE_LOOP_ANALYSIS = YES;
				CLANG_WARN_STRICT_PROTOTYPES = YES;
				CLANG_WARN_SUSPICIOUS_MOVE = YES;
				CLANG_WARN_UNGUARDED_AVAILABILITY = YES_AGGRESSIVE;
				CLANG_WARN_UNREACHABLE_CODE = YES;
				CLANG_WARN__DUPLICATE_METHOD_MATCH = YES;
				COPY_PHASE_STRIP = NO;
				DEBUG_INFORMATION_FORMAT = dwarf;
				DEVELOPMENT_TEAM = TL893ZWF55;
				ENABLE_STRICT_OBJC_MSGSEND = YES;
				ENABLE_TESTABILITY = YES;
				ENABLE_USER_SCRIPT_SANDBOXING = YES;
				GCC_C_LANGUAGE_STANDARD = gnu17;
				GCC_DYNAMIC_NO_PIC = NO;
				GCC_NO_COMMON_BLOCKS = YES;
				GCC_OPTIMIZATION_LEVEL = 0;
				GCC_PREPROCESSOR_DEFINITIONS = (
					"DEBUG=1",
					"$(inherited)",
				);
				GCC_WARN_64_TO_32_BIT_CONVERSION = YES;
				GCC_WARN_ABOUT_RETURN_TYPE = YES_ERROR;
				GCC_WARN_UNDECLARED_SELECTOR = YES;
				GCC_WARN_UNINITIALIZED_AUTOS = YES_AGGRESSIVE;
				GCC_WARN_UNUSED_FUNCTION = YES;
				GCC_WARN_UNUSED_VARIABLE = YES;
				IPHONEOS_DEPLOYMENT_TARGET = 18.5;
				LOCALIZATION_PREFERS_STRING_CATALOGS = YES;
				MTL_ENABLE_DEBUG_INFO = INCLUDE_SOURCE;
				MTL_FAST_MATH = YES;
				ONLY_ACTIVE_ARCH = YES;
				SDKROOT = iphoneos;
				SWIFT_ACTIVE_COMPILATION_CONDITIONS = "DEBUG $(inherited)";
				SWIFT_OPTIMIZATION_LEVEL = "-Onone";
			};
			name = Debug;
		};
		F789F7562E58F2CA00999404 /* Release */ = {
			isa = XCBuildConfiguration;
			buildSettings = {
				ALWAYS_SEARCH_USER_PATHS = NO;
				ASSETCATALOG_COMPILER_GENERATE_SWIFT_ASSET_SYMBOL_EXTENSIONS = YES;
				CLANG_ANALYZER_NONNULL = YES;
				CLANG_ANALYZER_NUMBER_OBJECT_CONVERSION = YES_AGGRESSIVE;
				CLANG_CXX_LANGUAGE_STANDARD = "gnu++20";
				CLANG_ENABLE_MODULES = YES;
				CLANG_ENABLE_OBJC_ARC = YES;
				CLANG_ENABLE_OBJC_WEAK = YES;
				CLANG_WARN_BLOCK_CAPTURE_AUTORELEASING = YES;
				CLANG_WARN_BOOL_CONVERSION = YES;
				CLANG_WARN_COMMA = YES;
				CLANG_WARN_CONSTANT_CONVERSION = YES;
				CLANG_WARN_DEPRECATED_OBJC_IMPLEMENTATIONS = YES;
				CLANG_WARN_DIRECT_OBJC_ISA_USAGE = YES_ERROR;
				CLANG_WARN_DOCUMENTATION_COMMENTS = YES;
				CLANG_WARN_EMPTY_BODY = YES;
				CLANG_WARN_ENUM_CONVERSION = YES;
				CLANG_WARN_INFINITE_RECURSION = YES;
				CLANG_WARN_INT_CONVERSION = YES;
				CLANG_WARN_NON_LITERAL_NULL_CONVERSION = YES;
				CLANG_WARN_OBJC_IMPLICIT_RETAIN_SELF = YES;
				CLANG_WARN_OBJC_LITERAL_CONVERSION = YES;
				CLANG_WARN_OBJC_ROOT_CLASS = YES_ERROR;
				CLANG_WARN_QUOTED_INCLUDE_IN_FRAMEWORK_HEADER = YES;
				CLANG_WARN_RANGE_LOOP_ANALYSIS = YES;
				CLANG_WARN_STRICT_PROTOTYPES = YES;
				CLANG_WARN_SUSPICIOUS_MOVE = YES;
				CLANG_WARN_UNGUARDED_AVAILABILITY = YES_AGGRESSIVE;
				CLANG_WARN_UNREACHABLE_CODE = YES;
				CLANG_WARN__DUPLICATE_METHOD_MATCH = YES;
				COPY_PHASE_STRIP = NO;
				DEBUG_INFORMATION_FORMAT = "dwarf-with-dsym";
				DEVELOPMENT_TEAM = TL893ZWF55;
				ENABLE_NS_ASSERTIONS = NO;
				ENABLE_STRICT_OBJC_MSGSEND = YES;
				ENABLE_USER_SCRIPT_SANDBOXING = YES;
				GCC_C_LANGUAGE_STANDARD = gnu17;
				GCC_NO_COMMON_BLOCKS = YES;
				GCC_WARN_64_TO_32_BIT_CONVERSION = YES;
				GCC_WARN_ABOUT_RETURN_TYPE = YES_ERROR;
				GCC_WARN_UNDECLARED_SELECTOR = YES;
				GCC_WARN_UNINITIALIZED_AUTOS = YES_AGGRESSIVE;
				GCC_WARN_UNUSED_FUNCTION = YES;
				GCC_WARN_UNUSED_VARIABLE = YES;
				IPHONEOS_DEPLOYMENT_TARGET = 18.5;
				LOCALIZATION_PREFERS_STRING_CATALOGS = YES;
				MTL_ENABLE_DEBUG_INFO = NO;
				MTL_FAST_MATH = YES;
				SDKROOT = iphoneos;
				SWIFT_COMPILATION_MODE = wholemodule;
				VALIDATE_PRODUCT = YES;
			};
			name = Release;
		};
		F789F7582E58F2CA00999404 /* Debug */ = {
			isa = XCBuildConfiguration;
			buildSettings = {
				ASSETCATALOG_COMPILER_APPICON_NAME = AppIcon;
				ASSETCATALOG_COMPILER_GLOBAL_ACCENT_COLOR_NAME = AccentColor;
				CODE_SIGN_STYLE = Automatic;
				CURRENT_PROJECT_VERSION = 1;
				DEVELOPMENT_TEAM = TL893ZWF55;
				ENABLE_PREVIEWS = YES;
				GENERATE_INFOPLIST_FILE = YES;
				INFOPLIST_KEY_UIApplicationSceneManifest_Generation = YES;
				INFOPLIST_KEY_UIApplicationSupportsIndirectInputEvents = YES;
				INFOPLIST_KEY_UILaunchScreen_Generation = YES;
				INFOPLIST_KEY_UISupportedInterfaceOrientations_iPad = "UIInterfaceOrientationPortrait UIInterfaceOrientationPortraitUpsideDown UIInterfaceOrientationLandscapeLeft UIInterfaceOrientationLandscapeRight";
				INFOPLIST_KEY_UISupportedInterfaceOrientations_iPhone = "UIInterfaceOrientationPortrait UIInterfaceOrientationLandscapeLeft UIInterfaceOrientationLandscapeRight";
				LD_RUNPATH_SEARCH_PATHS = (
					"$(inherited)",
					"@executable_path/Frameworks",
				);
				MARKETING_VERSION = 1.0;
				PRODUCT_BUNDLE_IDENTIFIER = com.app.rikroy.BudgetTrackerAssignment;
				PRODUCT_NAME = "$(TARGET_NAME)";
				SWIFT_EMIT_LOC_STRINGS = YES;
				SWIFT_VERSION = 5.0;
				TARGETED_DEVICE_FAMILY = "1,2";
			};
			name = Debug;
		};
		F789F7592E58F2CA00999404 /* Release */ = {
			isa = XCBuildConfiguration;
			buildSettings = {
				ASSETCATALOG_COMPILER_APPICON_NAME = AppIcon;
				ASSETCATALOG_COMPILER_GLOBAL_ACCENT_COLOR_NAME = AccentColor;
				CODE_SIGN_STYLE = Automatic;
				CURRENT_PROJECT_VERSION = 1;
				DEVELOPMENT_TEAM = TL893ZWF55;
				ENABLE_PREVIEWS = YES;
				GENERATE_INFOPLIST_FILE = YES;
				INFOPLIST_KEY_UIApplicationSceneManifest_Generation = YES;
				INFOPLIST_KEY_UIApplicationSupportsIndirectInputEvents = YES;
				INFOPLIST_KEY_UILaunchScreen_Generation = YES;
				INFOPLIST_KEY_UISupportedInterfaceOrientations_iPad = "UIInterfaceOrientationPortrait UIInterfaceOrientationPortraitUpsideDown UIInterfaceOrientationLandscapeLeft UIInterfaceOrientationLandscapeRight";
				INFOPLIST_KEY_UISupportedInterfaceOrientations_iPhone = "UIInterfaceOrientationPortrait UIInterfaceOrientationLandscapeLeft UIInterfaceOrientationLandscapeRight";
				LD_RUNPATH_SEARCH_PATHS = (
					"$(inherited)",
					"@executable_path/Frameworks",
				);
				MARKETING_VERSION = 1.0;
				PRODUCT_BUNDLE_IDENTIFIER = com.app.rikroy.BudgetTrackerAssignment;
				PRODUCT_NAME = "$(TARGET_NAME)";
				SWIFT_EMIT_LOC_STRINGS = YES;
				SWIFT_VERSION = 5.0;
				TARGETED_DEVICE_FAMILY = "1,2";
			};
			name = Release;
		};
		F789F75B2E58F2CA00999404 /* Debug */ = {
			isa = XCBuildConfiguration;
			buildSettings = {
				BUNDLE_LOADER = "$(TEST_HOST)";
				CODE_SIGN_STYLE = Automatic;
				CURRENT_PROJECT_VERSION = 1;
				DEVELOPMENT_TEAM = TL893ZWF55;
				GENERATE_INFOPLIST_FILE = YES;
				IPHONEOS_DEPLOYMENT_TARGET = 18.5;
				MARKETING_VERSION = 1.0;
				PRODUCT_BUNDLE_IDENTIFIER = com.app.rikroy.BudgetTrackerAssignmentTests;
				PRODUCT_NAME = "$(TARGET_NAME)";
				SWIFT_EMIT_LOC_STRINGS = NO;
				SWIFT_VERSION = 5.0;
				TARGETED_DEVICE_FAMILY = "1,2";
				TEST_HOST = "$(BUILT_PRODUCTS_DIR)/BudgetTrackerAssignment.app/$(BUNDLE_EXECUTABLE_FOLDER_PATH)/BudgetTrackerAssignment";
			};
			name = Debug;
		};
		F789F75C2E58F2CA00999404 /* Release */ = {
			isa = XCBuildConfiguration;
			buildSettings = {
				BUNDLE_LOADER = "$(TEST_HOST)";
				CODE_SIGN_STYLE = Automatic;
				CURRENT_PROJECT_VERSION = 1;
				DEVELOPMENT_TEAM = TL893ZWF55;
				GENERATE_INFOPLIST_FILE = YES;
				IPHONEOS_DEPLOYMENT_TARGET = 18.5;
				MARKETING_VERSION = 1.0;
				PRODUCT_BUNDLE_IDENTIFIER = com.app.rikroy.BudgetTrackerAssignmentTests;
				PRODUCT_NAME = "$(TARGET_NAME)";
				SWIFT_EMIT_LOC_STRINGS = NO;
				SWIFT_VERSION = 5.0;
				TARGETED_DEVICE_FAMILY = "1,2";
				TEST_HOST = "$(BUILT_PRODUCTS_DIR)/BudgetTrackerAssignment.app/$(BUNDLE_EXECUTABLE_FOLDER_PATH)/BudgetTrackerAssignment";
			};
			name = Release;
		};
		F789F75E2E58F2CA00999404 /* Debug */ = {
			isa = XCBuildConfiguration;
			buildSettings = {
				CODE_SIGN_STYLE = Automatic;
				CURRENT_PROJECT_VERSION = 1;
				DEVELOPMENT_TEAM = TL893ZWF55;
				GENERATE_INFOPLIST_FILE = YES;
				MARKETING_VERSION = 1.0;
				PRODUCT_BUNDLE_IDENTIFIER = com.app.rikroy.BudgetTrackerAssignmentUITests;
				PRODUCT_NAME = "$(TARGET_NAME)";
				SWIFT_EMIT_LOC_STRINGS = NO;
				SWIFT_VERSION = 5.0;
				TARGETED_DEVICE_FAMILY = "1,2";
				TEST_TARGET_NAME = BudgetTrackerAssignment;
			};
			name = Debug;
		};
		F789F75F2E58F2CA00999404 /* Release */ = {
			isa = XCBuildConfiguration;
			buildSettings = {
				CODE_SIGN_STYLE = Automatic;
				CURRENT_PROJECT_VERSION = 1;
				DEVELOPMENT_TEAM = TL893ZWF55;
				GENERATE_INFOPLIST_FILE = YES;
				MARKETING_VERSION = 1.0;
				PRODUCT_BUNDLE_IDENTIFIER = com.app.rikroy.BudgetTrackerAssignmentUITests;
				PRODUCT_NAME = "$(TARGET_NAME)";
				SWIFT_EMIT_LOC_STRINGS = NO;
				SWIFT_VERSION = 5.0;
				TARGETED_DEVICE_FAMILY = "1,2";
				TEST_TARGET_NAME = BudgetTrackerAssignment;
			};
			name = Release;
		};
/* End XCBuildConfiguration section */

/* Begin XCConfigurationList section */
		F789F7312E58F2C700999404 /* Build configuration list for PBXProject "BudgetTrackerAssignment" */ = {
			isa = XCConfigurationList;
			buildConfigurations = (
				F789F7552E58F2CA00999404 /* Debug */,
				F789F7562E58F2CA00999404 /* Release */,
			);
			defaultConfigurationIsVisible = 0;
			defaultConfigurationName = Release;
		};
		F789F7572E58F2CA00999404 /* Build configuration list for PBXNativeTarget "BudgetTrackerAssignment" */ = {
			isa = XCConfigurationList;
			buildConfigurations = (
				F789F7582E58F2CA00999404 /* Debug */,
				F789F7592E58F2CA00999404 /* Release */,
			);
			defaultConfigurationIsVisible = 0;
			defaultConfigurationName = Release;
		};
		F789F75A2E58F2CA00999404 /* Build configuration list for PBXNativeTarget "BudgetTrackerAssignmentTests" */ = {
			isa = XCConfigurationList;
			buildConfigurations = (
				F789F75B2E58F2CA00999404 /* Debug */,
				F789F75C2E58F2CA00999404 /* Release */,
			);
			defaultConfigurationIsVisible = 0;
			defaultConfigurationName = Release;
		};
		F789F75D2E58F2CA00999404 /* Build configuration list for PBXNativeTarget "BudgetTrackerAssignmentUITests" */ = {
			isa = XCConfigurationList;
			buildConfigurations = (
				F789F75E2E58F2CA00999404 /* Debug */,
				F789F75F2E58F2CA00999404 /* Release */,
			);
			defaultConfigurationIsVisible = 0;
			defaultConfigurationName = Release;
		};
/* End XCConfigurationList section */
	};
	rootObject = F789F72E2E58F2C700999404 /* Project object */;
}
